// !$*UTF8*$!
{
	archiveVersion = 1;
	classes = {
	};
	objectVersion = 77;
	objects = {

/* Begin PBXBuildFile section */
		A3375BA22F1FEB2100D3D9B0 /* MusicStreaming in Frameworks */ = {isa = PBXBuildFile; productRef = A3375BA12F1FEB2100D3D9B0 /* MusicStreaming */; };
		A3375BA52F1FEEE000D3D9B0 /* MusicAI in Frameworks */ = {isa = PBXBuildFile; productRef = A3375BA42F1FEEE000D3D9B0 /* MusicAI */; };
/* End PBXBuildFile section */

/* Begin PBXContainerItemProxy section */
		A3BE77872F1AC3FE00016F0B /* PBXContainerItemProxy */ = {
			isa = PBXContainerItemProxy;
			containerPortal = A3BE776D2F1AC3FE00016F0B /* Project object */;
			proxyType = 1;
			remoteGlobalIDString = A3BE77742F1AC3FE00016F0B;
			remoteInfo = JustPlayIt;
		};
		A3BE77912F1AC3FE00016F0B /* PBXContainerItemProxy */ = {
			isa = PBXContainerItemProxy;
			containerPortal = A3BE776D2F1AC3FE00016F0B /* Project object */;
			proxyType = 1;
			remoteGlobalIDString = A3BE77742F1AC3FE00016F0B;
			remoteInfo = JustPlayIt;
		};
/* End PBXContainerItemProxy section */

/* Begin PBXCopyFilesBuildPhase section */
		A3375AF72F1FE92800D3D9B0 /* Embed Frameworks */ = {
			isa = PBXCopyFilesBuildPhase;
			buildActionMask = 2147483647;
			dstPath = "";
			dstSubfolderSpec = 10;
			files = (
			);
			name = "Embed Frameworks";
			runOnlyForDeploymentPostprocessing = 0;
		};
/* End PBXCopyFilesBuildPhase section */

/* Begin PBXFileReference section */
		A3BE77752F1AC3FE00016F0B /* JustPlayIt.app */ = {isa = PBXFileReference; explicitFileType = wrapper.application; includeInIndex = 0; path = JustPlayIt.app; sourceTree = BUILT_PRODUCTS_DIR; };
		A3BE77862F1AC3FE00016F0B /* JustPlayItTests.xctest */ = {isa = PBXFileReference; explicitFileType = wrapper.cfbundle; includeInIndex = 0; path = JustPlayItTests.xctest; sourceTree = BUILT_PRODUCTS_DIR; };
		A3BE77902F1AC3FE00016F0B /* JustPlayItUITests.xctest */ = {isa = PBXFileReference; explicitFileType = wrapper.cfbundle; includeInIndex = 0; path = JustPlayItUITests.xctest; sourceTree = BUILT_PRODUCTS_DIR; };
/* End PBXFileReference section */

/* Begin PBXFileSystemSynchronizedBuildFileExceptionSet section */
		A3BE77982F1AC3FE00016F0B /* Exceptions for "JustPlayIt" folder in "JustPlayIt" target */ = {
			isa = PBXFileSystemSynchronizedBuildFileExceptionSet;
			membershipExceptions = (
				Info.plist,
			);
			target = A3BE77742F1AC3FE00016F0B /* JustPlayIt */;
		};
/* End PBXFileSystemSynchronizedBuildFileExceptionSet section */

/* Begin PBXFileSystemSynchronizedRootGroup section */
		A3BE77772F1AC3FE00016F0B /* JustPlayIt */ = {
			isa = PBXFileSystemSynchronizedRootGroup;
			exceptions = (
				A3BE77982F1AC3FE00016F0B /* Exceptions for "JustPlayIt" folder in "JustPlayIt" target */,
			);
			path = JustPlayIt;
			sourceTree = "<group>";
		};
		A3BE77892F1AC3FE00016F0B /* JustPlayItTests */ = {
			isa = PBXFileSystemSynchronizedRootGroup;
			path = JustPlayItTests;
			sourceTree = "<group>";
		};
		A3BE77932F1AC3FE00016F0B /* JustPlayItUITests */ = {
			isa = PBXFileSystemSynchronizedRootGroup;
			path = JustPlayItUITests;
			sourceTree = "<group>";
		};
/* End PBXFileSystemSynchronizedRootGroup section */

/* Begin PBXFrameworksBuildPhase section */
		A3BE77722F1AC3FE00016F0B /* Frameworks */ = {
			isa = PBXFrameworksBuildPhase;
			buildActionMask = 2147483647;
			files = (
				A3375BA52F1FEEE000D3D9B0 /* MusicAI in Frameworks */,
				A3375BA22F1FEB2100D3D9B0 /* MusicStreaming in Frameworks */,
			);
			runOnlyForDeploymentPostprocessing = 0;
		};
		A3BE77832F1AC3FE00016F0B /* Frameworks */ = {
			isa = PBXFrameworksBuildPhase;
			buildActionMask = 2147483647;
			files = (
			);
			runOnlyForDeploymentPostprocessing = 0;
		};
		A3BE778D2F1AC3FE00016F0B /* Frameworks */ = {
			isa = PBXFrameworksBuildPhase;
			buildActionMask = 2147483647;
			files = (
			);
			runOnlyForDeploymentPostprocessing = 0;
		};
/* End PBXFrameworksBuildPhase section */

/* Begin PBXGroup section */
		A3BE776C2F1AC3FE00016F0B = {
			isa = PBXGroup;
			children = (
				A3BE77772F1AC3FE00016F0B /* JustPlayIt */,
				A3BE77892F1AC3FE00016F0B /* JustPlayItTests */,
				A3BE77932F1AC3FE00016F0B /* JustPlayItUITests */,
				A3BE77762F1AC3FE00016F0B /* Products */,
			);
			sourceTree = "<group>";
		};
		A3BE77762F1AC3FE00016F0B /* Products */ = {
			isa = PBXGroup;
			children = (
				A3BE77752F1AC3FE00016F0B /* JustPlayIt.app */,
				A3BE77862F1AC3FE00016F0B /* JustPlayItTests.xctest */,
				A3BE77902F1AC3FE00016F0B /* JustPlayItUITests.xctest */,
			);
			name = Products;
			sourceTree = "<group>";
		};
/* End PBXGroup section */

/* Begin PBXNativeTarget section */
		A3BE77742F1AC3FE00016F0B /* JustPlayIt */ = {
			isa = PBXNativeTarget;
			buildConfigurationList = A3BE77992F1AC3FE00016F0B /* Build configuration list for PBXNativeTarget "JustPlayIt" */;
			buildPhases = (
				A3BE77712F1AC3FE00016F0B /* Sources */,
				A3BE77722F1AC3FE00016F0B /* Frameworks */,
				A3BE77732F1AC3FE00016F0B /* Resources */,
				A3375AF72F1FE92800D3D9B0 /* Embed Frameworks */,
			);
			buildRules = (
			);
			dependencies = (
			);
			fileSystemSynchronizedGroups = (
				A3BE77772F1AC3FE00016F0B /* JustPlayIt */,
			);
			name = JustPlayIt;
			packageProductDependencies = (
				A3375BA12F1FEB2100D3D9B0 /* MusicStreaming */,
				A3375BA42F1FEEE000D3D9B0 /* MusicAI */,
			);
			productName = JustPlayIt;
			productReference = A3BE77752F1AC3FE00016F0B /* JustPlayIt.app */;
			productType = "com.apple.product-type.application";
		};
		A3BE77852F1AC3FE00016F0B /* JustPlayItTests */ = {
			isa = PBXNativeTarget;
			buildConfigurationList = A3BE779E2F1AC3FE00016F0B /* Build configuration list for PBXNativeTarget "JustPlayItTests" */;
			buildPhases = (
				A3BE77822F1AC3FE00016F0B /* Sources */,
				A3BE77832F1AC3FE00016F0B /* Frameworks */,
				A3BE77842F1AC3FE00016F0B /* Resources */,
			);
			buildRules = (
			);
			dependencies = (
				A3BE77882F1AC3FE00016F0B /* PBXTargetDependency */,
			);
			fileSystemSynchronizedGroups = (
				A3BE77892F1AC3FE00016F0B /* JustPlayItTests */,
			);
			name = JustPlayItTests;
			packageProductDependencies = (
			);
			productName = JustPlayItTests;
			productReference = A3BE77862F1AC3FE00016F0B /* JustPlayItTests.xctest */;
			productType = "com.apple.product-type.bundle.unit-test";
		};
		A3BE778F2F1AC3FE00016F0B /* JustPlayItUITests */ = {
			isa = PBXNativeTarget;
			buildConfigurationList = A3BE77A12F1AC3FE00016F0B /* Build configuration list for PBXNativeTarget "JustPlayItUITests" */;
			buildPhases = (
				A3BE778C2F1AC3FE00016F0B /* Sources */,
				A3BE778D2F1AC3FE00016F0B /* Frameworks */,
				A3BE778E2F1AC3FE00016F0B /* Resources */,
			);
			buildRules = (
			);
			dependencies = (
				A3BE77922F1AC3FE00016F0B /* PBXTargetDependency */,
			);
			fileSystemSynchronizedGroups = (
				A3BE77932F1AC3FE00016F0B /* JustPlayItUITests */,
			);
			name = JustPlayItUITests;
			packageProductDependencies = (
			);
			productName = JustPlayItUITests;
			productReference = A3BE77902F1AC3FE00016F0B /* JustPlayItUITests.xctest */;
			productType = "com.apple.product-type.bundle.ui-testing";
		};
/* End PBXNativeTarget section */

/* Begin PBXProject section */
		A3BE776D2F1AC3FE00016F0B /* Project object */ = {
			isa = PBXProject;
			attributes = {
				BuildIndependentTargetsInParallel = 1;
				LastSwiftUpdateCheck = 2610;
				LastUpgradeCheck = 2610;
				TargetAttributes = {
					A3BE77742F1AC3FE00016F0B = {
						CreatedOnToolsVersion = 26.1;
					};
					A3BE77852F1AC3FE00016F0B = {
						CreatedOnToolsVersion = 26.1;
						TestTargetID = A3BE77742F1AC3FE00016F0B;
					};
					A3BE778F2F1AC3FE00016F0B = {
						CreatedOnToolsVersion = 26.1;
						TestTargetID = A3BE77742F1AC3FE00016F0B;
					};
				};
			};
			buildConfigurationList = A3BE77702F1AC3FE00016F0B /* Build configuration list for PBXProject "JustPlayIt" */;
			developmentRegion = en;
			hasScannedForEncodings = 0;
			knownRegions = (
				en,
				Base,
			);
			mainGroup = A3BE776C2F1AC3FE00016F0B;
			minimizedProjectReferenceProxies = 1;
			packageReferences = (
				A3375BA02F1FEB2100D3D9B0 /* XCLocalSwiftPackageReference "../MusicStreaming" */,
				A3375BA32F1FEEDF00D3D9B0 /* XCLocalSwiftPackageReference "../MusicAI" */,
			);
			preferredProjectObjectVersion = 77;
			productRefGroup = A3BE77762F1AC3FE00016F0B /* Products */;
			projectDirPath = "";
			projectRoot = "";
			targets = (
				A3BE77742F1AC3FE00016F0B /* JustPlayIt */,
				A3BE77852F1AC3FE00016F0B /* JustPlayItTests */,
				A3BE778F2F1AC3FE00016F0B /* JustPlayItUITests */,
			);
		};
/* End PBXProject section */

/* Begin PBXResourcesBuildPhase section */
		A3BE77732F1AC3FE00016F0B /* Resources */ = {
			isa = PBXResourcesBuildPhase;
			buildActionMask = 2147483647;
			files = (
			);
			runOnlyForDeploymentPostprocessing = 0;
		};
		A3BE77842F1AC3FE00016F0B /* Resources */ = {
			isa = PBXResourcesBuildPhase;
			buildActionMask = 2147483647;
			files = (
			);
			runOnlyForDeploymentPostprocessing = 0;
		};
		A3BE778E2F1AC3FE00016F0B /* Resources */ = {
			isa = PBXResourcesBuildPhase;
			buildActionMask = 2147483647;
			files = (
			);
			runOnlyForDeploymentPostprocessing = 0;
		};
/* End PBXResourcesBuildPhase section */

/* Begin PBXSourcesBuildPhase section */
		A3BE77712F1AC3FE00016F0B /* Sources */ = {
			isa = PBXSourcesBuildPhase;
			buildActionMask = 2147483647;
			files = (
			);
			runOnlyForDeploymentPostprocessing = 0;
		};
		A3BE77822F1AC3FE00016F0B /* Sources */ = {
			isa = PBXSourcesBuildPhase;
			buildActionMask = 2147483647;
			files = (
			);
			runOnlyForDeploymentPostprocessing = 0;
		};
		A3BE778C2F1AC3FE00016F0B /* Sources */ = {
			isa = PBXSourcesBuildPhase;
			buildActionMask = 2147483647;
			files = (
			);
			runOnlyForDeploymentPostprocessing = 0;
		};
/* End PBXSourcesBuildPhase section */

/* Begin PBXTargetDependency section */
		A3BE77882F1AC3FE00016F0B /* PBXTargetDependency */ = {
			isa = PBXTargetDependency;
			target = A3BE77742F1AC3FE00016F0B /* JustPlayIt */;
			targetProxy = A3BE77872F1AC3FE00016F0B /* PBXContainerItemProxy */;
		};
		A3BE77922F1AC3FE00016F0B /* PBXTargetDependency */ = {
			isa = PBXTargetDependency;
			target = A3BE77742F1AC3FE00016F0B /* JustPlayIt */;
			targetProxy = A3BE77912F1AC3FE00016F0B /* PBXContainerItemProxy */;
		};
/* End PBXTargetDependency section */

/* Begin XCBuildConfiguration section */
		A3BE779A2F1AC3FE00016F0B /* Debug */ = {
			isa = XCBuildConfiguration;
			buildSettings = {
				ASSETCATALOG_COMPILER_APPICON_NAME = AppIcon;
				ASSETCATALOG_COMPILER_GLOBAL_ACCENT_COLOR_NAME = AccentColor;
				AUTOMATION_APPLE_EVENTS = NO;
				CODE_SIGN_IDENTITY = "Apple Development";
				CODE_SIGN_STYLE = Automatic;
				CURRENT_PROJECT_VERSION = 1;
				DEVELOPMENT_TEAM = ZG82TFXU3C;
				ENABLE_APP_SANDBOX = NO;
				ENABLE_HARDENED_RUNTIME = NO;
				ENABLE_PREVIEWS = YES;
				ENABLE_RESOURCE_ACCESS_PHOTO_LIBRARY = NO;
				GENERATE_INFOPLIST_FILE = YES;
				INFOPLIST_FILE = JustPlayIt/Info.plist;
				INFOPLIST_KEY_NSAppleMusicUsageDescription = "JustPlayIt needs access to your music library to play your favorite tracks.";
				INFOPLIST_KEY_NSMicrophoneUsageDescription = "JustPlayIt needs access to the microphone to listen to your voice commands.";
				INFOPLIST_KEY_NSSpeechRecognitionUsageDescription = "JustPlayIt needs speech recognition to understand your voice commands.";
				"INFOPLIST_KEY_UIApplicationSceneManifest_Generation[sdk=iphoneos*]" = YES;
				"INFOPLIST_KEY_UIApplicationSceneManifest_Generation[sdk=iphonesimulator*]" = YES;
				"INFOPLIST_KEY_UIApplicationSupportsIndirectInputEvents[sdk=iphoneos*]" = YES;
				"INFOPLIST_KEY_UIApplicationSupportsIndirectInputEvents[sdk=iphonesimulator*]" = YES;
				"INFOPLIST_KEY_UILaunchScreen_Generation[sdk=iphoneos*]" = YES;
				"INFOPLIST_KEY_UILaunchScreen_Generation[sdk=iphonesimulator*]" = YES;
				"INFOPLIST_KEY_UIStatusBarStyle[sdk=iphoneos*]" = UIStatusBarStyleDefault;
				"INFOPLIST_KEY_UIStatusBarStyle[sdk=iphonesimulator*]" = UIStatusBarStyleDefault;
				INFOPLIST_KEY_UISupportedInterfaceOrientations_iPad = "UIInterfaceOrientationPortrait UIInterfaceOrientationPortraitUpsideDown UIInterfaceOrientationLandscapeLeft UIInterfaceOrientationLandscapeRight";
				INFOPLIST_KEY_UISupportedInterfaceOrientations_iPhone = "UIInterfaceOrientationPortrait UIInterfaceOrientationLandscapeLeft UIInterfaceOrientationLandscapeRight";
				IPHONEOS_DEPLOYMENT_TARGET = 26.0;
				LD_RUNPATH_SEARCH_PATHS = "@executable_path/Frameworks";
				"LD_RUNPATH_SEARCH_PATHS[sdk=macosx*]" = "@executable_path/../Frameworks";
				MACOSX_DEPLOYMENT_TARGET = 26.1;
				MARKETING_VERSION = 1.0;
				PRODUCT_BUNDLE_IDENTIFIER = com.riddimsoftware.justplayit;
				PRODUCT_NAME = "$(TARGET_NAME)";
				PROVISIONING_PROFILE_SPECIFIER = "";
				REGISTER_APP_GROUPS = YES;
				RUNTIME_EXCEPTION_ALLOW_DYLD_ENVIRONMENT_VARIABLES = NO;
				RUNTIME_EXCEPTION_ALLOW_JIT = NO;
				RUNTIME_EXCEPTION_ALLOW_UNSIGNED_EXECUTABLE_MEMORY = NO;
				RUNTIME_EXCEPTION_DEBUGGING_TOOL = NO;
				RUNTIME_EXCEPTION_DISABLE_EXECUTABLE_PAGE_PROTECTION = NO;
				RUNTIME_EXCEPTION_DISABLE_LIBRARY_VALIDATION = NO;
				SDKROOT = auto;
				STRING_CATALOG_GENERATE_SYMBOLS = YES;
				SUPPORTED_PLATFORMS = "iphoneos iphonesimulator macosx xros xrsimulator";
				SWIFT_APPROACHABLE_CONCURRENCY = YES;
				SWIFT_DEFAULT_ACTOR_ISOLATION = MainActor;
				SWIFT_EMIT_LOC_STRINGS = YES;
				SWIFT_UPCOMING_FEATURE_MEMBER_IMPORT_VISIBILITY = YES;
				SWIFT_VERSION = 5.0;
				TARGETED_DEVICE_FAMILY = "1,2,7";
				XROS_DEPLOYMENT_TARGET = 26.1;
			};
			name = Debug;
		};
		A3BE779B2F1AC3FE00016F0B /* Release */ = {
			isa = XCBuildConfiguration;
			buildSettings = {
				ASSETCATALOG_COMPILER_APPICON_NAME = AppIcon;
				ASSETCATALOG_COMPILER_GLOBAL_ACCENT_COLOR_NAME = AccentColor;
				AUTOMATION_APPLE_EVENTS = NO;
				CODE_SIGN_STYLE = Automatic;
				CURRENT_PROJECT_VERSION = 1;
				DEVELOPMENT_TEAM = ZG82TFXU3C;
				ENABLE_APP_SANDBOX = NO;
				ENABLE_HARDENED_RUNTIME = NO;
				ENABLE_PREVIEWS = YES;
				ENABLE_RESOURCE_ACCESS_PHOTO_LIBRARY = NO;
				GENERATE_INFOPLIST_FILE = YES;
				INFOPLIST_FILE = JustPlayIt/Info.plist;
				INFOPLIST_KEY_NSAppleMusicUsageDescription = "JustPlayIt needs access to your music library to play your favorite tracks.";
				INFOPLIST_KEY_NSMicrophoneUsageDescription = "JustPlayIt needs access to the microphone to listen to your voice commands.";
				INFOPLIST_KEY_NSSpeechRecognitionUsageDescription = "JustPlayIt needs speech recognition to understand your voice commands.";
				"INFOPLIST_KEY_UIApplicationSceneManifest_Generation[sdk=iphoneos*]" = YES;
				"INFOPLIST_KEY_UIApplicationSceneManifest_Generation[sdk=iphonesimulator*]" = YES;
				"INFOPLIST_KEY_UIApplicationSupportsIndirectInputEvents[sdk=iphoneos*]" = YES;
				"INFOPLIST_KEY_UIApplicationSupportsIndirectInputEvents[sdk=iphonesimulator*]" = YES;
				"INFOPLIST_KEY_UILaunchScreen_Generation[sdk=iphoneos*]" = YES;
				"INFOPLIST_KEY_UILaunchScreen_Generation[sdk=iphonesimulator*]" = YES;
				"INFOPLIST_KEY_UIStatusBarStyle[sdk=iphoneos*]" = UIStatusBarStyleDefault;
				"INFOPLIST_KEY_UIStatusBarStyle[sdk=iphonesimulator*]" = UIStatusBarStyleDefault;
				INFOPLIST_KEY_UISupportedInterfaceOrientations_iPad = "UIInterfaceOrientationPortrait UIInterfaceOrientationPortraitUpsideDown UIInterfaceOrientationLandscapeLeft UIInterfaceOrientationLandscapeRight";
				INFOPLIST_KEY_UISupportedInterfaceOrientations_iPhone = "UIInterfaceOrientationPortrait UIInterfaceOrientationLandscapeLeft UIInterfaceOrientationLandscapeRight";
				IPHONEOS_DEPLOYMENT_TARGET = 26.0;
				LD_RUNPATH_SEARCH_PATHS = "@executable_path/Frameworks";
				"LD_RUNPATH_SEARCH_PATHS[sdk=macosx*]" = "@executable_path/../Frameworks";
				MACOSX_DEPLOYMENT_TARGET = 26.1;
				MARKETING_VERSION = 1.0;
				PRODUCT_BUNDLE_IDENTIFIER = com.riddimsoftware.JustPlayIt;
				PRODUCT_NAME = "$(TARGET_NAME)";
				REGISTER_APP_GROUPS = YES;
				RUNTIME_EXCEPTION_ALLOW_DYLD_ENVIRONMENT_VARIABLES = NO;
				RUNTIME_EXCEPTION_ALLOW_JIT = NO;
				RUNTIME_EXCEPTION_ALLOW_UNSIGNED_EXECUTABLE_MEMORY = NO;
				RUNTIME_EXCEPTION_DEBUGGING_TOOL = NO;
				RUNTIME_EXCEPTION_DISABLE_EXECUTABLE_PAGE_PROTECTION = NO;
				RUNTIME_EXCEPTION_DISABLE_LIBRARY_VALIDATION = NO;
				SDKROOT = auto;
				STRING_CATALOG_GENERATE_SYMBOLS = YES;
				SUPPORTED_PLATFORMS = "iphoneos iphonesimulator macosx xros xrsimulator";
				SWIFT_APPROACHABLE_CONCURRENCY = YES;
				SWIFT_DEFAULT_ACTOR_ISOLATION = MainActor;
				SWIFT_EMIT_LOC_STRINGS = YES;
				SWIFT_UPCOMING_FEATURE_MEMBER_IMPORT_VISIBILITY = YES;
				SWIFT_VERSION = 5.0;
				TARGETED_DEVICE_FAMILY = "1,2,7";
				XROS_DEPLOYMENT_TARGET = 26.1;
			};
			name = Release;
		};
		A3BE779C2F1AC3FE00016F0B /* Debug */ = {
			isa = XCBuildConfiguration;
			buildSettings = {
				ALWAYS_SEARCH_USER_PATHS = NO;
				ASSETCATALOG_COMPILER_GENERATE_SWIFT_ASSET_SYMBOL_EXTENSIONS = YES;
				CLANG_ANALYZER_NONNULL = YES;
				CLANG_ANALYZER_NUMBER_OBJECT_CONVERSION = YES_AGGRESSIVE;
				CLANG_CXX_LANGUAGE_STANDARD = "gnu++20";
				CLANG_ENABLE_MODULES = YES;
				CLANG_ENABLE_OBJC_ARC = YES;
				CLANG_ENABLE_OBJC_WEAK = YES;
				CLANG_WARN_BLOCK_CAPTURE_AUTORELEASING = YES;
				CLANG_WARN_BOOL_CONVERSION = YES;
				CLANG_WARN_COMMA = YES;
				CLANG_WARN_CONSTANT_CONVERSION = YES;
				CLANG_WARN_DEPRECATED_OBJC_IMPLEMENTATIONS = YES;
				CLANG_WARN_DIRECT_OBJC_ISA_USAGE = YES_ERROR;
				CLANG_WARN_DOCUMENTATION_COMMENTS = YES;
				CLANG_WARN_EMPTY_BODY = YES;
				CLANG_WARN_ENUM_CONVERSION = YES;
				CLANG_WARN_INFINITE_RECURSION = YES;
				CLANG_WARN_INT_CONVERSION = YES;
				CLANG_WARN_NON_LITERAL_NULL_CONVERSION = YES;
				CLANG_WARN_OBJC_IMPLICIT_RETAIN_SELF = YES;
				CLANG_WARN_OBJC_LITERAL_CONVERSION = YES;
				CLANG_WARN_OBJC_ROOT_CLASS = YES_ERROR;
				CLANG_WARN_QUOTED_INCLUDE_IN_FRAMEWORK_HEADER = YES;
				CLANG_WARN_RANGE_LOOP_ANALYSIS = YES;
				CLANG_WARN_STRICT_PROTOTYPES = YES;
				CLANG_WARN_SUSPICIOUS_MOVE = YES;
				CLANG_WARN_UNGUARDED_AVAILABILITY = YES_AGGRESSIVE;
				CLANG_WARN_UNREACHABLE_CODE = YES;
				CLANG_WARN__DUPLICATE_METHOD_MATCH = YES;
				COPY_PHASE_STRIP = NO;
				DEBUG_INFORMATION_FORMAT = dwarf;
				DEVELOPMENT_TEAM = ZG82TFXU3C;
				ENABLE_STRICT_OBJC_MSGSEND = YES;
				ENABLE_TESTABILITY = YES;
				ENABLE_USER_SCRIPT_SANDBOXING = YES;
				GCC_C_LANGUAGE_STANDARD = gnu17;
				GCC_DYNAMIC_NO_PIC = NO;
				GCC_NO_COMMON_BLOCKS = YES;
				GCC_OPTIMIZATION_LEVEL = 0;
				GCC_PREPROCESSOR_DEFINITIONS = (
					"DEBUG=1",
					"$(inherited)",
				);
				GCC_WARN_64_TO_32_BIT_CONVERSION = YES;
				GCC_WARN_ABOUT_RETURN_TYPE = YES_ERROR;
				GCC_WARN_UNDECLARED_SELECTOR = YES;
				GCC_WARN_UNINITIALIZED_AUTOS = YES_AGGRESSIVE;
				GCC_WARN_UNUSED_FUNCTION = YES;
				GCC_WARN_UNUSED_VARIABLE = YES;
				LOCALIZATION_PREFERS_STRING_CATALOGS = YES;
				MTL_ENABLE_DEBUG_INFO = INCLUDE_SOURCE;
				MTL_FAST_MATH = YES;
				ONLY_ACTIVE_ARCH = YES;
				SWIFT_ACTIVE_COMPILATION_CONDITIONS = "DEBUG $(inherited)";
				SWIFT_OPTIMIZATION_LEVEL = "-Onone";
			};
			name = Debug;
		};
		A3BE779D2F1AC3FE00016F0B /* Release */ = {
			isa = XCBuildConfiguration;
			buildSettings = {
				ALWAYS_SEARCH_USER_PATHS = NO;
				ASSETCATALOG_COMPILER_GENERATE_SWIFT_ASSET_SYMBOL_EXTENSIONS = YES;
				CLANG_ANALYZER_NONNULL = YES;
				CLANG_ANALYZER_NUMBER_OBJECT_CONVERSION = YES_AGGRESSIVE;
				CLANG_CXX_LANGUAGE_STANDARD = "gnu++20";
				CLANG_ENABLE_MODULES = YES;
				CLANG_ENABLE_OBJC_ARC = YES;
				CLANG_ENABLE_OBJC_WEAK = YES;
				CLANG_WARN_BLOCK_CAPTURE_AUTORELEASING = YES;
				CLANG_WARN_BOOL_CONVERSION = YES;
				CLANG_WARN_COMMA = YES;
				CLANG_WARN_CONSTANT_CONVERSION = YES;
				CLANG_WARN_DEPRECATED_OBJC_IMPLEMENTATIONS = YES;
				CLANG_WARN_DIRECT_OBJC_ISA_USAGE = YES_ERROR;
				CLANG_WARN_DOCUMENTATION_COMMENTS = YES;
				CLANG_WARN_EMPTY_BODY = YES;
				CLANG_WARN_ENUM_CONVERSION = YES;
				CLANG_WARN_INFINITE_RECURSION = YES;
				CLANG_WARN_INT_CONVERSION = YES;
				CLANG_WARN_NON_LITERAL_NULL_CONVERSION = YES;
				CLANG_WARN_OBJC_IMPLICIT_RETAIN_SELF = YES;
				CLANG_WARN_OBJC_LITERAL_CONVERSION = YES;
				CLANG_WARN_OBJC_ROOT_CLASS = YES_ERROR;
				CLANG_WARN_QUOTED_INCLUDE_IN_FRAMEWORK_HEADER = YES;
				CLANG_WARN_RANGE_LOOP_ANALYSIS = YES;
				CLANG_WARN_STRICT_PROTOTYPES = YES;
				CLANG_WARN_SUSPICIOUS_MOVE = YES;
				CLANG_WARN_UNGUARDED_AVAILABILITY = YES_AGGRESSIVE;
				CLANG_WARN_UNREACHABLE_CODE = YES;
				CLANG_WARN__DUPLICATE_METHOD_MATCH = YES;
				COPY_PHASE_STRIP = NO;
				DEBUG_INFORMATION_FORMAT = "dwarf-with-dsym";
				DEVELOPMENT_TEAM = ZG82TFXU3C;
				ENABLE_NS_ASSERTIONS = NO;
				ENABLE_STRICT_OBJC_MSGSEND = YES;
				ENABLE_USER_SCRIPT_SANDBOXING = YES;
				GCC_C_LANGUAGE_STANDARD = gnu17;
				GCC_NO_COMMON_BLOCKS = YES;
				GCC_WARN_64_TO_32_BIT_CONVERSION = YES;
				GCC_WARN_ABOUT_RETURN_TYPE = YES_ERROR;
				GCC_WARN_UNDECLARED_SELECTOR = YES;
				GCC_WARN_UNINITIALIZED_AUTOS = YES_AGGRESSIVE;
				GCC_WARN_UNUSED_FUNCTION = YES;
				GCC_WARN_UNUSED_VARIABLE = YES;
				LOCALIZATION_PREFERS_STRING_CATALOGS = YES;
				MTL_ENABLE_DEBUG_INFO = NO;
				MTL_FAST_MATH = YES;
				SWIFT_COMPILATION_MODE = wholemodule;
			};
			name = Release;
		};
		A3BE779F2F1AC3FE00016F0B /* Debug */ = {
			isa = XCBuildConfiguration;
			buildSettings = {
				BUNDLE_LOADER = "$(TEST_HOST)";
				CODE_SIGN_STYLE = Automatic;
				CURRENT_PROJECT_VERSION = 1;
				DEVELOPMENT_TEAM = ZG82TFXU3C;
				GENERATE_INFOPLIST_FILE = YES;
				IPHONEOS_DEPLOYMENT_TARGET = 26.0;
				MACOSX_DEPLOYMENT_TARGET = 26.1;
				MARKETING_VERSION = 1.0;
				PRODUCT_BUNDLE_IDENTIFIER = com.riddimsoftware.JustPlayItTests;
				PRODUCT_NAME = "$(TARGET_NAME)";
				SDKROOT = auto;
				STRING_CATALOG_GENERATE_SYMBOLS = NO;
				SUPPORTED_PLATFORMS = "iphoneos iphonesimulator macosx xros xrsimulator";
				SWIFT_APPROACHABLE_CONCURRENCY = YES;
				SWIFT_EMIT_LOC_STRINGS = NO;
				SWIFT_UPCOMING_FEATURE_MEMBER_IMPORT_VISIBILITY = YES;
				SWIFT_VERSION = 5.0;
				TARGETED_DEVICE_FAMILY = "1,2,7";
				TEST_HOST = "$(BUILT_PRODUCTS_DIR)/JustPlayIt.app/$(BUNDLE_EXECUTABLE_FOLDER_PATH)/JustPlayIt";
				XROS_DEPLOYMENT_TARGET = 26.1;
			};
			name = Debug;
		};
		A3BE77A02F1AC3FE00016F0B /* Release */ = {
			isa = XCBuildConfiguration;
			buildSettings = {
				BUNDLE_LOADER = "$(TEST_HOST)";
				CODE_SIGN_STYLE = Automatic;
				CURRENT_PROJECT_VERSION = 1;
				DEVELOPMENT_TEAM = ZG82TFXU3C;
				GENERATE_INFOPLIST_FILE = YES;
				IPHONEOS_DEPLOYMENT_TARGET = 26.0;
				MACOSX_DEPLOYMENT_TARGET = 26.1;
				MARKETING_VERSION = 1.0;
				PRODUCT_BUNDLE_IDENTIFIER = com.riddimsoftware.JustPlayItTests;
				PRODUCT_NAME = "$(TARGET_NAME)";
				SDKROOT = auto;
				STRING_CATALOG_GENERATE_SYMBOLS = NO;
				SUPPORTED_PLATFORMS = "iphoneos iphonesimulator macosx xros xrsimulator";
				SWIFT_APPROACHABLE_CONCURRENCY = YES;
				SWIFT_EMIT_LOC_STRINGS = NO;
				SWIFT_UPCOMING_FEATURE_MEMBER_IMPORT_VISIBILITY = YES;
				SWIFT_VERSION = 5.0;
				TARGETED_DEVICE_FAMILY = "1,2,7";
				TEST_HOST = "$(BUILT_PRODUCTS_DIR)/JustPlayIt.app/$(BUNDLE_EXECUTABLE_FOLDER_PATH)/JustPlayIt";
				XROS_DEPLOYMENT_TARGET = 26.1;
			};
			name = Release;
		};
		A3BE77A22F1AC3FE00016F0B /* Debug */ = {
			isa = XCBuildConfiguration;
			buildSettings = {
				CODE_SIGN_STYLE = Automatic;
				CURRENT_PROJECT_VERSION = 1;
				DEVELOPMENT_TEAM = ZG82TFXU3C;
				GENERATE_INFOPLIST_FILE = YES;
				IPHONEOS_DEPLOYMENT_TARGET = 26.0;
				MACOSX_DEPLOYMENT_TARGET = 26.1;
				MARKETING_VERSION = 1.0;
				PRODUCT_BUNDLE_IDENTIFIER = com.riddimsoftware.JustPlayItUITests;
				PRODUCT_NAME = "$(TARGET_NAME)";
				SDKROOT = auto;
				STRING_CATALOG_GENERATE_SYMBOLS = NO;
				SUPPORTED_PLATFORMS = "iphoneos iphonesimulator macosx xros xrsimulator";
				SWIFT_APPROACHABLE_CONCURRENCY = YES;
				SWIFT_EMIT_LOC_STRINGS = NO;
				SWIFT_UPCOMING_FEATURE_MEMBER_IMPORT_VISIBILITY = YES;
				SWIFT_VERSION = 5.0;
				TARGETED_DEVICE_FAMILY = "1,2,7";
				TEST_TARGET_NAME = JustPlayIt;
				XROS_DEPLOYMENT_TARGET = 26.1;
			};
			name = Debug;
		};
		A3BE77A32F1AC3FE00016F0B /* Release */ = {
			isa = XCBuildConfiguration;
			buildSettings = {
				CODE_SIGN_STYLE = Automatic;
				CURRENT_PROJECT_VERSION = 1;
				DEVELOPMENT_TEAM = ZG82TFXU3C;
				GENERATE_INFOPLIST_FILE = YES;
				IPHONEOS_DEPLOYMENT_TARGET = 26.0;
				MACOSX_DEPLOYMENT_TARGET = 26.1;
				MARKETING_VERSION = 1.0;
				PRODUCT_BUNDLE_IDENTIFIER = com.riddimsoftware.JustPlayItUITests;
				PRODUCT_NAME = "$(TARGET_NAME)";
				SDKROOT = auto;
				STRING_CATALOG_GENERATE_SYMBOLS = NO;
				SUPPORTED_PLATFORMS = "iphoneos iphonesimulator macosx xros xrsimulator";
				SWIFT_APPROACHABLE_CONCURRENCY = YES;
				SWIFT_EMIT_LOC_STRINGS = NO;
				SWIFT_UPCOMING_FEATURE_MEMBER_IMPORT_VISIBILITY = YES;
				SWIFT_VERSION = 5.0;
				TARGETED_DEVICE_FAMILY = "1,2,7";
				TEST_TARGET_NAME = JustPlayIt;
				XROS_DEPLOYMENT_TARGET = 26.1;
			};
			name = Release;
		};
/* End XCBuildConfiguration section */

/* Begin XCConfigurationList section */
		A3BE77702F1AC3FE00016F0B /* Build configuration list for PBXProject "JustPlayIt" */ = {
			isa = XCConfigurationList;
			buildConfigurations = (
				A3BE779C2F1AC3FE00016F0B /* Debug */,
				A3BE779D2F1AC3FE00016F0B /* Release */,
			);
			defaultConfigurationIsVisible = 0;
			defaultConfigurationName = Release;
		};
		A3BE77992F1AC3FE00016F0B /* Build configuration list for PBXNativeTarget "JustPlayIt" */ = {
			isa = XCConfigurationList;
			buildConfigurations = (
				A3BE779A2F1AC3FE00016F0B /* Debug */,
				A3BE779B2F1AC3FE00016F0B /* Release */,
			);
			defaultConfigurationIsVisible = 0;
			defaultConfigurationName = Release;
		};
		A3BE779E2F1AC3FE00016F0B /* Build configuration list for PBXNativeTarget "JustPlayItTests" */ = {
			isa = XCConfigurationList;
			buildConfigurations = (
				A3BE779F2F1AC3FE00016F0B /* Debug */,
				A3BE77A02F1AC3FE00016F0B /* Release */,
			);
			defaultConfigurationIsVisible = 0;
			defaultConfigurationName = Release;
		};
		A3BE77A12F1AC3FE00016F0B /* Build configuration list for PBXNativeTarget "JustPlayItUITests" */ = {
			isa = XCConfigurationList;
			buildConfigurations = (
				A3BE77A22F1AC3FE00016F0B /* Debug */,
				A3BE77A32F1AC3FE00016F0B /* Release */,
			);
			defaultConfigurationIsVisible = 0;
			defaultConfigurationName = Release;
		};
/* End XCConfigurationList section */

/* Begin XCLocalSwiftPackageReference section */
		A3375BA02F1FEB2100D3D9B0 /* XCLocalSwiftPackageReference "../MusicStreaming" */ = {
			isa = XCLocalSwiftPackageReference;
			relativePath = ../MusicStreaming;
		};
		A3375BA32F1FEEDF00D3D9B0 /* XCLocalSwiftPackageReference "../MusicAI" */ = {
			isa = XCLocalSwiftPackageReference;
			relativePath = ../MusicAI;
		};
/* End XCLocalSwiftPackageReference section */

/* Begin XCSwiftPackageProductDependency section */
		A3375BA12F1FEB2100D3D9B0 /* MusicStreaming */ = {
			isa = XCSwiftPackageProductDependency;
			productName = MusicStreaming;
		};
		A3375BA42F1FEEE000D3D9B0 /* MusicAI */ = {
			isa = XCSwiftPackageProductDependency;
			productName = MusicAI;
		};
/* End XCSwiftPackageProductDependency section */
	};
	rootObject = A3BE776D2F1AC3FE00016F0B /* Project object */;
}
